
Microsoft Visual Studio Solution File, Format Version 12.00
# Visual Studio 15
VisualStudioVersion = 15.0.26730.12
MinimumVisualStudioVersion = 10.0.40219.1
Project("{9A19103F-16F7-4668-BE54-9A1E7A4F7556}") = "FastFuzzyStringMatcher", "FastFuzzyStringMatcher\FastFuzzyStringMatcher.csproj", "{DFB66626-A4E6-49C4-895A-E4BB916F7DB7}"
EndProject
Project("{FAE04EC0-301F-11D3-BF4B-00C04F79EFBC}") = "FastFuzzyStringMatcherTests", "FastFuzzyStringMatcherTests\FastFuzzyStringMatcherTests.csproj", "{0E70D54C-125A-47DC-AA05-A422D6CBD538}"
EndProject
Project("{FAE04EC0-301F-11D3-BF4B-00C04F79EFBC}") = "ExampleApp", "ExampleApp\ExampleApp.csproj", "{1149BB3B-BDD8-4E7F-8EF1-152FA584C51E}"
EndProject
Global
	GlobalSection(SolutionConfigurationPlatforms) = preSolution
		Debug|Any CPU = Debug|Any CPU
		Release|Any CPU = Release|Any CPU
	EndGlobalSection
	GlobalSection(ProjectConfigurationPlatforms) = postSolution
		{DFB66626-A4E6-49C4-895A-E4BB916F7DB7}.Debug|Any CPU.ActiveCfg = Debug|Any CPU
		{DFB66626-A4E6-49C4-895A-E4BB916F7DB7}.Debug|Any CPU.Build.0 = Debug|Any CPU
		{DFB66626-A4E6-49C4-895A-E4BB916F7DB7}.Release|Any CPU.ActiveCfg = Release|Any CPU
		{DFB66626-A4E6-49C4-895A-E4BB916F7DB7}.Release|Any CPU.Build.0 = Release|Any CPU
		{0E70D54C-125A-47DC-AA05-A422D6CBD538}.Debug|Any CPU.ActiveCfg = Debug|Any CPU
		{0E70D54C-125A-47DC-AA05-A422D6CBD538}.Debug|Any CPU.Build.0 = Debug|Any CPU
		{0E70D54C-125A-47DC-AA05-A422D6CBD538}.Release|Any CPU.ActiveCfg = Release|Any CPU
		{0E70D54C-125A-47DC-AA05-A422D6CBD538}.Release|Any CPU.Build.0 = Release|Any CPU
		{1149BB3B-BDD8-4E7F-8EF1-152FA584C51E}.Debug|Any CPU.ActiveCfg = Debug|Any CPU
		{1149BB3B-BDD8-4E7F-8EF1-152FA584C51E}.Debug|Any CPU.Build.0 = Debug|Any CPU
		{1149BB3B-BDD8-4E7F-8EF1-152FA584C51E}.Release|Any CPU.ActiveCfg = Release|Any CPU
		{1149BB3B-BDD8-4E7F-8EF1-152FA584C51E}.Release|Any CPU.Build.0 = Release|Any CPU
	EndGlobalSection
	GlobalSection(SolutionProperties) = preSolution
		HideSolutionNode = FALSE
	EndGlobalSection
	GlobalSection(ExtensibilityGlobals) = postSolution
		SolutionGuid = {4B795731-1D8A-4B4F-B8C1-6BF2032F9DD0}
	EndGlobalSection
EndGlobal
